
Microsoft Visual Studio Solution File, Format Version 12.00
# Visual Studio Version 16
VisualStudioVersion = 16.0.31605.320
MinimumVisualStudioVersion = 10.0.40219.1
Project("{9A19103F-16F7-4668-BE54-9A1E7A4F7556}") = "InstitutoIdioma", "InstitutoIdioma\InstitutoIdioma.csproj", "{C03C38FD-FBED-46C8-BEA6-EFE2C0786EC4}"
EndProject
Global
	GlobalSection(SolutionConfigurationPlatforms) = preSolution
		Debug|Any CPU = Debug|Any CPU
		Release|Any CPU = Release|Any CPU
	EndGlobalSection
	GlobalSection(ProjectConfigurationPlatforms) = postSolution
		{C03C38FD-FBED-46C8-BEA6-EFE2C0786EC4}.Debug|Any CPU.ActiveCfg = Debug|Any CPU
		{C03C38FD-FBED-46C8-BEA6-EFE2C0786EC4}.Debug|Any CPU.Build.0 = Debug|Any CPU
		{C03C38FD-FBED-46C8-BEA6-EFE2C0786EC4}.Release|Any CPU.ActiveCfg = Release|Any CPU
		{C03C38FD-FBED-46C8-BEA6-EFE2C0786EC4}.Release|Any CPU.Build.0 = Release|Any CPU
	EndGlobalSection
	GlobalSection(SolutionProperties) = preSolution
		HideSolutionNode = FALSE
	EndGlobalSection
	GlobalSection(ExtensibilityGlobals) = postSolution
		SolutionGuid = {7F1736D0-19B9-4D91-B5E7-1A21979DD1D4}
	EndGlobalSection
EndGlobal
